{
    "version": 3,
    "terraform_version": "0.11.11",
    "serial": 8,
    "lineage": "e2a7b26f-b8e6-fbd5-1fac-6b8cc8e13c0f",
    "modules": [
        {
            "path": [
                "root"
            ],
            "outputs": {
                "ip": {
                    "sensitive": false,
                    "type": "string",
                    "value": "13.127.163.231"
                }
            },
            "resources": {
                "aws_instance.vagrant_demo": {
                    "type": "aws_instance",
                    "depends_on": [
                        "data.aws_ami.amazon-linux-2"
                    ],
                    "primary": {
                        "id": "i-08173d7920e26a28c",
                        "attributes": {
                            "ami": "ami-0937dcc711d38ef3f",
                            "arn": "arn:aws:ec2:ap-south-1:577683050298:instance/i-08173d7920e26a28c",
                            "associate_public_ip_address": "true",
                            "availability_zone": "ap-south-1a",
                            "cpu_core_count": "1",
                            "cpu_threads_per_core": "1",
                            "credit_specification.#": "1",
                            "credit_specification.0.cpu_credits": "standard",
                            "disable_api_termination": "false",
                            "ebs_block_device.#": "0",
                            "ebs_optimized": "false",
                            "ephemeral_block_device.#": "0",
                            "get_password_data": "false",
                            "iam_instance_profile": "",
                            "id": "i-08173d7920e26a28c",
                            "instance_state": "running",
                            "instance_type": "t2.micro",
                            "ipv6_addresses.#": "0",
                            "key_name": "MY_KEY",
                            "monitoring": "false",
                            "network_interface.#": "0",
                            "network_interface_id": "eni-01cc41fda94de0f5c",
                            "password_data": "",
                            "placement_group": "",
                            "primary_network_interface_id": "eni-01cc41fda94de0f5c",
                            "private_dns": "ip-172-31-30-230.ap-south-1.compute.internal",
                            "private_ip": "172.31.30.230",
                            "public_dns": "ec2-13-127-163-231.ap-south-1.compute.amazonaws.com",
                            "public_ip": "13.127.163.231",
                            "root_block_device.#": "1",
                            "root_block_device.0.delete_on_termination": "true",
                            "root_block_device.0.iops": "100",
                            "root_block_device.0.volume_id": "vol-086e19e6cf40109dc",
                            "root_block_device.0.volume_size": "8",
                            "root_block_device.0.volume_type": "gp2",
                            "security_groups.#": "1",
                            "security_groups.3814588639": "default",
                            "source_dest_check": "true",
                            "subnet_id": "subnet-ae276dc6",
                            "tags.%": "0",
                            "tenancy": "default",
                            "volume_tags.%": "0",
                            "vpc_security_group_ids.#": "1",
                            "vpc_security_group_ids.2603940258": "sg-00d59e6d"
                        },
                        "meta": {
                            "e2bfb730-ecaa-11e6-8f88-34363bc7c4c0": {
                                "create": 600000000000,
                                "delete": 1200000000000,
                                "update": 600000000000
                            },
                            "schema_version": "1"
                        },
                        "tainted": false
                    },
                    "deposed": [],
                    "provider": "provider.aws"
                },
                "data.aws_ami.amazon-linux-2": {
                    "type": "aws_ami",
                    "depends_on": [],
                    "primary": {
                        "id": "ami-0937dcc711d38ef3f",
                        "attributes": {
                            "architecture": "x86_64",
                            "block_device_mappings.#": "1",
                            "block_device_mappings.340275815.device_name": "/dev/xvda",
                            "block_device_mappings.340275815.ebs.%": "6",
                            "block_device_mappings.340275815.ebs.delete_on_termination": "true",
                            "block_device_mappings.340275815.ebs.encrypted": "false",
                            "block_device_mappings.340275815.ebs.iops": "0",
                            "block_device_mappings.340275815.ebs.snapshot_id": "snap-0e7ba36a80ba37801",
                            "block_device_mappings.340275815.ebs.volume_size": "8",
                            "block_device_mappings.340275815.ebs.volume_type": "gp2",
                            "block_device_mappings.340275815.no_device": "",
                            "block_device_mappings.340275815.virtual_name": "",
                            "creation_date": "2019-01-14T19:17:30.000Z",
                            "description": "Amazon Linux 2 AMI 2.0.20190115 x86_64 HVM gp2",
                            "filter.#": "2",
                            "filter.3355656240.name": "name",
                            "filter.3355656240.values.#": "1",
                            "filter.3355656240.values.0": "amzn2-ami-hvm*",
                            "filter.574890044.name": "owner-alias",
                            "filter.574890044.values.#": "1",
                            "filter.574890044.values.0": "amazon",
                            "hypervisor": "xen",
                            "id": "ami-0937dcc711d38ef3f",
                            "image_id": "ami-0937dcc711d38ef3f",
                            "image_location": "amazon/amzn2-ami-hvm-2.0.20190115-x86_64-gp2",
                            "image_owner_alias": "amazon",
                            "image_type": "machine",
                            "most_recent": "true",
                            "name": "amzn2-ami-hvm-2.0.20190115-x86_64-gp2",
                            "owner_id": "137112412989",
                            "product_codes.#": "0",
                            "public": "true",
                            "root_device_name": "/dev/xvda",
                            "root_device_type": "ebs",
                            "root_snapshot_id": "snap-0e7ba36a80ba37801",
                            "sriov_net_support": "simple",
                            "state": "available",
                            "state_reason.%": "2",
                            "state_reason.code": "UNSET",
                            "state_reason.message": "UNSET",
                            "tags.%": "0",
                            "virtualization_type": "hvm"
                        },
                        "meta": {},
                        "tainted": false
                    },
                    "deposed": [],
                    "provider": "provider.aws"
                },
                "data.aws_vpc.default": {
                    "type": "aws_vpc",
                    "depends_on": [],
                    "primary": {
                        "id": "vpc-4d311c25",
                        "attributes": {
                            "arn": "arn:aws:ec2:ap-south-1:577683050298:vpc/vpc-4d311c25",
                            "cidr_block": "172.31.0.0/16",
                            "cidr_block_associations.#": "1",
                            "cidr_block_associations.0.association_id": "vpc-cidr-assoc-5ab4f532",
                            "cidr_block_associations.0.cidr_block": "172.31.0.0/16",
                            "cidr_block_associations.0.state": "associated",
                            "default": "true",
                            "dhcp_options_id": "dopt-6fcfc707",
                            "enable_dns_hostnames": "true",
                            "enable_dns_support": "true",
                            "id": "vpc-4d311c25",
                            "instance_tenancy": "default",
                            "main_route_table_id": "rtb-6a15f601",
                            "owner_id": "577683050298",
                            "state": "available",
                            "tags.%": "0"
                        },
                        "meta": {},
                        "tainted": false
                    },
                    "deposed": [],
                    "provider": "provider.aws"
                },
                "null_resource.ansible": {
                    "type": "null_resource",
                    "depends_on": [
                        "aws_instance.vagrant_demo"
                    ],
                    "primary": {
                        "id": "2961575195339009283",
                        "attributes": {
                            "id": "2961575195339009283",
                            "triggers.%": "1",
                            "triggers.key": "b03050ea-3eff-418e-5091-a97ea038546b"
                        },
                        "meta": {},
                        "tainted": false
                    },
                    "deposed": [],
                    "provider": "provider.null"
                }
            },
            "depends_on": []
        },
        {
            "path": [
                "root",
                "security_group"
            ],
            "outputs": {
                "this_security_group_description": {
                    "sensitive": false,
                    "type": "string",
                    "value": "Security group for terraform module usage with EC2 instance"
                },
                "this_security_group_id": {
                    "sensitive": false,
                    "type": "string",
                    "value": "sg-0fed490539a846730"
                },
                "this_security_group_name": {
                    "sensitive": false,
                    "type": "string",
                    "value": "myTerraformGroup-20190218150310565500000001"
                },
                "this_security_group_owner_id": {
                    "sensitive": false,
                    "type": "string",
                    "value": "577683050298"
                },
                "this_security_group_vpc_id": {
                    "sensitive": false,
                    "type": "string",
                    "value": "vpc-4d311c25"
                }
            },
            "resources": {
                "aws_security_group.this_name_prefix": {
                    "type": "aws_security_group",
                    "depends_on": [],
                    "primary": {
                        "id": "sg-0fed490539a846730",
                        "attributes": {
                            "arn": "arn:aws:ec2:ap-south-1:577683050298:security-group/sg-0fed490539a846730",
                            "description": "Security group for terraform module usage with EC2 instance",
                            "egress.#": "1",
                            "egress.2165290566.cidr_blocks.#": "1",
                            "egress.2165290566.cidr_blocks.0": "0.0.0.0/0",
                            "egress.2165290566.description": "All protocols",
                            "egress.2165290566.from_port": "0",
                            "egress.2165290566.ipv6_cidr_blocks.#": "1",
                            "egress.2165290566.ipv6_cidr_blocks.0": "::/0",
                            "egress.2165290566.prefix_list_ids.#": "0",
                            "egress.2165290566.protocol": "-1",
                            "egress.2165290566.security_groups.#": "0",
                            "egress.2165290566.self": "false",
                            "egress.2165290566.to_port": "0",
                            "id": "sg-0fed490539a846730",
                            "ingress.#": "3",
                            "ingress.1116238549.cidr_blocks.#": "1",
                            "ingress.1116238549.cidr_blocks.0": "0.0.0.0/0",
                            "ingress.1116238549.description": "SSH",
                            "ingress.1116238549.from_port": "22",
                            "ingress.1116238549.ipv6_cidr_blocks.#": "0",
                            "ingress.1116238549.prefix_list_ids.#": "0",
                            "ingress.1116238549.protocol": "tcp",
                            "ingress.1116238549.security_groups.#": "0",
                            "ingress.1116238549.self": "false",
                            "ingress.1116238549.to_port": "22",
                            "ingress.184919250.cidr_blocks.#": "1",
                            "ingress.184919250.cidr_blocks.0": "0.0.0.0/0",
                            "ingress.184919250.description": "All IPV4 ICMP",
                            "ingress.184919250.from_port": "-1",
                            "ingress.184919250.ipv6_cidr_blocks.#": "0",
                            "ingress.184919250.prefix_list_ids.#": "0",
                            "ingress.184919250.protocol": "icmp",
                            "ingress.184919250.security_groups.#": "0",
                            "ingress.184919250.self": "false",
                            "ingress.184919250.to_port": "-1",
                            "ingress.2776738622.cidr_blocks.#": "1",
                            "ingress.2776738622.cidr_blocks.0": "0.0.0.0/0",
                            "ingress.2776738622.description": "HTTP",
                            "ingress.2776738622.from_port": "80",
                            "ingress.2776738622.ipv6_cidr_blocks.#": "0",
                            "ingress.2776738622.prefix_list_ids.#": "0",
                            "ingress.2776738622.protocol": "tcp",
                            "ingress.2776738622.security_groups.#": "0",
                            "ingress.2776738622.self": "false",
                            "ingress.2776738622.to_port": "80",
                            "name": "myTerraformGroup-20190218150310565500000001",
                            "name_prefix": "myTerraformGroup-",
                            "owner_id": "577683050298",
                            "revoke_rules_on_delete": "false",
                            "tags.%": "1",
                            "tags.Name": "myTerraformGroup",
                            "vpc_id": "vpc-4d311c25"
                        },
                        "meta": {
                            "e2bfb730-ecaa-11e6-8f88-34363bc7c4c0": {
                                "create": 600000000000,
                                "delete": 600000000000
                            },
                            "schema_version": "1"
                        },
                        "tainted": false
                    },
                    "deposed": [],
                    "provider": "provider.aws"
                },
                "aws_security_group_rule.egress_rules": {
                    "type": "aws_security_group_rule",
                    "depends_on": [
                        "local.this_sg_id"
                    ],
                    "primary": {
                        "id": "sgrule-1825698752",
                        "attributes": {
                            "cidr_blocks.#": "1",
                            "cidr_blocks.0": "0.0.0.0/0",
                            "description": "All protocols",
                            "from_port": "0",
                            "id": "sgrule-1825698752",
                            "ipv6_cidr_blocks.#": "1",
                            "ipv6_cidr_blocks.0": "::/0",
                            "prefix_list_ids.#": "0",
                            "protocol": "-1",
                            "security_group_id": "sg-0fed490539a846730",
                            "self": "false",
                            "to_port": "0",
                            "type": "egress"
                        },
                        "meta": {
                            "schema_version": "2"
                        },
                        "tainted": false
                    },
                    "deposed": [],
                    "provider": "provider.aws"
                },
                "aws_security_group_rule.ingress_rules.0": {
                    "type": "aws_security_group_rule",
                    "depends_on": [
                        "local.this_sg_id"
                    ],
                    "primary": {
                        "id": "sgrule-601311615",
                        "attributes": {
                            "cidr_blocks.#": "1",
                            "cidr_blocks.0": "0.0.0.0/0",
                            "description": "HTTP",
                            "from_port": "80",
                            "id": "sgrule-601311615",
                            "ipv6_cidr_blocks.#": "0",
                            "prefix_list_ids.#": "0",
                            "protocol": "tcp",
                            "security_group_id": "sg-0fed490539a846730",
                            "self": "false",
                            "to_port": "80",
                            "type": "ingress"
                        },
                        "meta": {
                            "schema_version": "2"
                        },
                        "tainted": false
                    },
                    "deposed": [],
                    "provider": "provider.aws"
                },
                "aws_security_group_rule.ingress_rules.1": {
                    "type": "aws_security_group_rule",
                    "depends_on": [
                        "local.this_sg_id"
                    ],
                    "primary": {
                        "id": "sgrule-2505905354",
                        "attributes": {
                            "cidr_blocks.#": "1",
                            "cidr_blocks.0": "0.0.0.0/0",
                            "description": "SSH",
                            "from_port": "22",
                            "id": "sgrule-2505905354",
                            "ipv6_cidr_blocks.#": "0",
                            "prefix_list_ids.#": "0",
                            "protocol": "tcp",
                            "security_group_id": "sg-0fed490539a846730",
                            "self": "false",
                            "to_port": "22",
                            "type": "ingress"
                        },
                        "meta": {
                            "schema_version": "2"
                        },
                        "tainted": false
                    },
                    "deposed": [],
                    "provider": "provider.aws"
                },
                "aws_security_group_rule.ingress_rules.2": {
                    "type": "aws_security_group_rule",
                    "depends_on": [
                        "local.this_sg_id"
                    ],
                    "primary": {
                        "id": "sgrule-2471193213",
                        "attributes": {
                            "cidr_blocks.#": "1",
                            "cidr_blocks.0": "0.0.0.0/0",
                            "description": "All IPV4 ICMP",
                            "from_port": "-1",
                            "id": "sgrule-2471193213",
                            "ipv6_cidr_blocks.#": "0",
                            "prefix_list_ids.#": "0",
                            "protocol": "icmp",
                            "security_group_id": "sg-0fed490539a846730",
                            "self": "false",
                            "to_port": "-1",
                            "type": "ingress"
                        },
                        "meta": {
                            "schema_version": "2"
                        },
                        "tainted": false
                    },
                    "deposed": [],
                    "provider": "provider.aws"
                }
            },
            "depends_on": []
        }
    ]
}
